
Microsoft Visual Studio Solution File, Format Version 12.00
# Visual Studio Version 17
VisualStudioVersion = 17.6.33829.357
MinimumVisualStudioVersion = 10.0.40219.1
Project("{FAE04EC0-301F-11D3-BF4B-00C04F79EFBC}") = "library management system", "library management system\library management system.csproj", "{AFD1365A-70A1-49BD-A433-91CEAED48675}"
EndProject
Global
	GlobalSection(SolutionConfigurationPlatforms) = preSolution
		Debug|Any CPU = Debug|Any CPU
		Release|Any CPU = Release|Any CPU
	EndGlobalSection
	GlobalSection(ProjectConfigurationPlatforms) = postSolution
		{AFD1365A-70A1-49BD-A433-91CEAED48675}.Debug|Any CPU.ActiveCfg = Debug|Any CPU
		{AFD1365A-70A1-49BD-A433-91CEAED48675}.Debug|Any CPU.Build.0 = Debug|Any CPU
		{AFD1365A-70A1-49BD-A433-91CEAED48675}.Release|Any CPU.ActiveCfg = Release|Any CPU
		{AFD1365A-70A1-49BD-A433-91CEAED48675}.Release|Any CPU.Build.0 = Release|Any CPU
	EndGlobalSection
	GlobalSection(SolutionProperties) = preSolution
		HideSolutionNode = FALSE
	EndGlobalSection
	GlobalSection(ExtensibilityGlobals) = postSolution
		SolutionGuid = {22D1E752-4197-4581-9E66-F724E76AD4E1}
	EndGlobalSection
EndGlobal
